// !$*UTF8*$!
{
	archiveVersion = 1;
	classes = {
	};
	objectVersion = 46;
	objects = {

/* Begin PBXBuildFile section */
		8186471B1C43D4F9008F790B /* main.m in Sources */ = {isa = PBXBuildFile; fileRef = 8186471A1C43D4F9008F790B /* main.m */; };
		8186471E1C43D4F9008F790B /* AppDelegate.m in Sources */ = {isa = PBXBuildFile; fileRef = 8186471D1C43D4F9008F790B /* AppDelegate.m */; };
		818647211C43D4F9008F790B /* ViewController.m in Sources */ = {isa = PBXBuildFile; fileRef = 818647201C43D4F9008F790B /* ViewController.m */; };
		818647271C43D4F9008F790B /* AlphaBet.xcdatamodeld in Sources */ = {isa = PBXBuildFile; fileRef = 818647251C43D4F9008F790B /* AlphaBet.xcdatamodeld */; };
		818647291C43D4F9008F790B /* Assets.xcassets in Resources */ = {isa = PBXBuildFile; fileRef = 818647281C43D4F9008F790B /* Assets.xcassets */; };
		8186472C1C43D4F9008F790B /* LaunchScreen.storyboard in Resources */ = {isa = PBXBuildFile; fileRef = 8186472A1C43D4F9008F790B /* LaunchScreen.storyboard */; };
		818647351C43DFC7008F790B /* VC_MainPagePlayer.m in Sources */ = {isa = PBXBuildFile; fileRef = 818647341C43DFC7008F790B /* VC_MainPagePlayer.m */; };
		841C9ACD1C4E6790004C613E /* AkiraTextField.swift in Sources */ = {isa = PBXBuildFile; fileRef = 841C9AC21C4E6790004C613E /* AkiraTextField.swift */; settings = {ASSET_TAGS = (); }; };
		841C9ACE1C4E6790004C613E /* HoshiTextField.swift in Sources */ = {isa = PBXBuildFile; fileRef = 841C9AC31C4E6790004C613E /* HoshiTextField.swift */; settings = {ASSET_TAGS = (); }; };
		841C9ACF1C4E6790004C613E /* Info.plist in Resources */ = {isa = PBXBuildFile; fileRef = 841C9AC41C4E6790004C613E /* Info.plist */; settings = {ASSET_TAGS = (); }; };
		841C9AD01C4E6790004C613E /* IsaoTextField.swift in Sources */ = {isa = PBXBuildFile; fileRef = 841C9AC51C4E6790004C613E /* IsaoTextField.swift */; settings = {ASSET_TAGS = (); }; };
		841C9AD11C4E6790004C613E /* JiroTextField.swift in Sources */ = {isa = PBXBuildFile; fileRef = 841C9AC61C4E6790004C613E /* JiroTextField.swift */; settings = {ASSET_TAGS = (); }; };
		841C9AD21C4E6791004C613E /* KaedeTextField.swift in Sources */ = {isa = PBXBuildFile; fileRef = 841C9AC71C4E6790004C613E /* KaedeTextField.swift */; settings = {ASSET_TAGS = (); }; };
		841C9AD31C4E6791004C613E /* MadokaTextField.swift in Sources */ = {isa = PBXBuildFile; fileRef = 841C9AC81C4E6790004C613E /* MadokaTextField.swift */; settings = {ASSET_TAGS = (); }; };
		841C9AD41C4E6791004C613E /* MinoruTextField.swift in Sources */ = {isa = PBXBuildFile; fileRef = 841C9AC91C4E6790004C613E /* MinoruTextField.swift */; settings = {ASSET_TAGS = (); }; };
		841C9AD51C4E6791004C613E /* TextFieldsEffects.swift in Sources */ = {isa = PBXBuildFile; fileRef = 841C9ACB1C4E6790004C613E /* TextFieldsEffects.swift */; settings = {ASSET_TAGS = (); }; };
		841C9AD61C4E6791004C613E /* YokoTextField.swift in Sources */ = {isa = PBXBuildFile; fileRef = 841C9ACC1C4E6790004C613E /* YokoTextField.swift */; settings = {ASSET_TAGS = (); }; };
		84D56B501C44A5D3007C3F0F /* CC_CollectionViewCell.m in Sources */ = {isa = PBXBuildFile; fileRef = 84D56B4F1C44A5D3007C3F0F /* CC_CollectionViewCell.m */; settings = {ASSET_TAGS = (); }; };
		84D56B6C1C44A668007C3F0F /* a.png in Resources */ = {isa = PBXBuildFile; fileRef = 84D56B521C44A668007C3F0F /* a.png */; settings = {ASSET_TAGS = (); }; };
		84D56B6D1C44A668007C3F0F /* b.png in Resources */ = {isa = PBXBuildFile; fileRef = 84D56B531C44A668007C3F0F /* b.png */; settings = {ASSET_TAGS = (); }; };
		84D56B6E1C44A668007C3F0F /* c.png in Resources */ = {isa = PBXBuildFile; fileRef = 84D56B541C44A668007C3F0F /* c.png */; settings = {ASSET_TAGS = (); }; };
		84D56B6F1C44A668007C3F0F /* d.png in Resources */ = {isa = PBXBuildFile; fileRef = 84D56B551C44A668007C3F0F /* d.png */; settings = {ASSET_TAGS = (); }; };
		84D56B701C44A668007C3F0F /* e.png in Resources */ = {isa = PBXBuildFile; fileRef = 84D56B561C44A668007C3F0F /* e.png */; settings = {ASSET_TAGS = (); }; };
		84D56B711C44A668007C3F0F /* f.png in Resources */ = {isa = PBXBuildFile; fileRef = 84D56B571C44A668007C3F0F /* f.png */; settings = {ASSET_TAGS = (); }; };
		84D56B721C44A668007C3F0F /* g.png in Resources */ = {isa = PBXBuildFile; fileRef = 84D56B581C44A668007C3F0F /* g.png */; settings = {ASSET_TAGS = (); }; };
		84D56B731C44A668007C3F0F /* h.png in Resources */ = {isa = PBXBuildFile; fileRef = 84D56B591C44A668007C3F0F /* h.png */; settings = {ASSET_TAGS = (); }; };
		84D56B741C44A668007C3F0F /* i.png in Resources */ = {isa = PBXBuildFile; fileRef = 84D56B5A1C44A668007C3F0F /* i.png */; settings = {ASSET_TAGS = (); }; };
		84D56B751C44A668007C3F0F /* j.png in Resources */ = {isa = PBXBuildFile; fileRef = 84D56B5B1C44A668007C3F0F /* j.png */; settings = {ASSET_TAGS = (); }; };
		84D56B761C44A668007C3F0F /* k.png in Resources */ = {isa = PBXBuildFile; fileRef = 84D56B5C1C44A668007C3F0F /* k.png */; settings = {ASSET_TAGS = (); }; };
		84D56B771C44A668007C3F0F /* l.png in Resources */ = {isa = PBXBuildFile; fileRef = 84D56B5D1C44A668007C3F0F /* l.png */; settings = {ASSET_TAGS = (); }; };
		84D56B781C44A668007C3F0F /* m.png in Resources */ = {isa = PBXBuildFile; fileRef = 84D56B5E1C44A668007C3F0F /* m.png */; settings = {ASSET_TAGS = (); }; };
		84D56B791C44A668007C3F0F /* n.png in Resources */ = {isa = PBXBuildFile; fileRef = 84D56B5F1C44A668007C3F0F /* n.png */; settings = {ASSET_TAGS = (); }; };
		84D56B7A1C44A668007C3F0F /* o.png in Resources */ = {isa = PBXBuildFile; fileRef = 84D56B601C44A668007C3F0F /* o.png */; settings = {ASSET_TAGS = (); }; };
		84D56B7B1C44A668007C3F0F /* p.png in Resources */ = {isa = PBXBuildFile; fileRef = 84D56B611C44A668007C3F0F /* p.png */; settings = {ASSET_TAGS = (); }; };
		84D56B7C1C44A668007C3F0F /* q.png in Resources */ = {isa = PBXBuildFile; fileRef = 84D56B621C44A668007C3F0F /* q.png */; settings = {ASSET_TAGS = (); }; };
		84D56B7D1C44A668007C3F0F /* r.png in Resources */ = {isa = PBXBuildFile; fileRef = 84D56B631C44A668007C3F0F /* r.png */; settings = {ASSET_TAGS = (); }; };
		84D56B7E1C44A668007C3F0F /* s.png in Resources */ = {isa = PBXBuildFile; fileRef = 84D56B641C44A668007C3F0F /* s.png */; settings = {ASSET_TAGS = (); }; };
		84D56B7F1C44A668007C3F0F /* t.png in Resources */ = {isa = PBXBuildFile; fileRef = 84D56B651C44A668007C3F0F /* t.png */; settings = {ASSET_TAGS = (); }; };
		84D56B801C44A668007C3F0F /* u.png in Resources */ = {isa = PBXBuildFile; fileRef = 84D56B661C44A668007C3F0F /* u.png */; settings = {ASSET_TAGS = (); }; };
		84D56B811C44A668007C3F0F /* v.png in Resources */ = {isa = PBXBuildFile; fileRef = 84D56B671C44A668007C3F0F /* v.png */; settings = {ASSET_TAGS = (); }; };
		84D56B821C44A668007C3F0F /* w.png in Resources */ = {isa = PBXBuildFile; fileRef = 84D56B681C44A668007C3F0F /* w.png */; settings = {ASSET_TAGS = (); }; };
		84D56B831C44A668007C3F0F /* x.png in Resources */ = {isa = PBXBuildFile; fileRef = 84D56B691C44A668007C3F0F /* x.png */; settings = {ASSET_TAGS = (); }; };
		84D56B841C44A668007C3F0F /* y.png in Resources */ = {isa = PBXBuildFile; fileRef = 84D56B6A1C44A668007C3F0F /* y.png */; settings = {ASSET_TAGS = (); }; };
		84D56B851C44A668007C3F0F /* z.png in Resources */ = {isa = PBXBuildFile; fileRef = 84D56B6B1C44A668007C3F0F /* z.png */; settings = {ASSET_TAGS = (); }; };
		84E27DD41C56260E006B30F6 /* ABC_main.png in Resources */ = {isa = PBXBuildFile; fileRef = 84E27DCF1C56260E006B30F6 /* ABC_main.png */; settings = {ASSET_TAGS = (); }; };
		84E27DD51C56260E006B30F6 /* mainBG.jpg in Resources */ = {isa = PBXBuildFile; fileRef = 84E27DD01C56260E006B30F6 /* mainBG.jpg */; settings = {ASSET_TAGS = (); }; };
		84E27DD61C56260E006B30F6 /* play.png in Resources */ = {isa = PBXBuildFile; fileRef = 84E27DD11C56260E006B30F6 /* play.png */; settings = {ASSET_TAGS = (); }; };
		84E27DD71C56260E006B30F6 /* playwith.png in Resources */ = {isa = PBXBuildFile; fileRef = 84E27DD21C56260E006B30F6 /* playwith.png */; settings = {ASSET_TAGS = (); }; };
		84E27DD81C56260E006B30F6 /* racoon.gif in Resources */ = {isa = PBXBuildFile; fileRef = 84E27DD31C56260E006B30F6 /* racoon.gif */; settings = {ASSET_TAGS = (); }; };
		84E782C01C460F9000E334C3 /* Z.wav in Resources */ = {isa = PBXBuildFile; fileRef = 84E782BF1C460F9000E334C3 /* Z.wav */; settings = {ASSET_TAGS = (); }; };
		84E782C21C46138500E334C3 /* AVFoundation.framework in Frameworks */ = {isa = PBXBuildFile; fileRef = 84E782C11C46138500E334C3 /* AVFoundation.framework */; };
		84F4309A1C5649970019EB49 /* board.png in Resources */ = {isa = PBXBuildFile; fileRef = 84F430991C5649970019EB49 /* board.png */; settings = {ASSET_TAGS = (); }; };
		84F430BA1C5650D80019EB49 /* AsyncButton.swift in Sources */ = {isa = PBXBuildFile; fileRef = 84F4309C1C5650D80019EB49 /* AsyncButton.swift */; settings = {ASSET_TAGS = (); }; };
		84F430BB1C5650D90019EB49 /* AsyncImageView.swift in Sources */ = {isa = PBXBuildFile; fileRef = 84F4309D1C5650D80019EB49 /* AsyncImageView.swift */; settings = {ASSET_TAGS = (); }; };
		84F430BC1C5650D90019EB49 /* AutoTextView.swift in Sources */ = {isa = PBXBuildFile; fileRef = 84F4309E1C5650D80019EB49 /* AutoTextView.swift */; settings = {ASSET_TAGS = (); }; };
		84F430BD1C5650D90019EB49 /* BlurView.swift in Sources */ = {isa = PBXBuildFile; fileRef = 84F4309F1C5650D80019EB49 /* BlurView.swift */; settings = {ASSET_TAGS = (); }; };
		84F430BE1C5650D90019EB49 /* DesignableButton.swift in Sources */ = {isa = PBXBuildFile; fileRef = 84F430A01C5650D80019EB49 /* DesignableButton.swift */; settings = {ASSET_TAGS = (); }; };
		84F430BF1C5650D90019EB49 /* DesignableImageView.swift in Sources */ = {isa = PBXBuildFile; fileRef = 84F430A11C5650D80019EB49 /* DesignableImageView.swift */; settings = {ASSET_TAGS = (); }; };
		84F430C01C5650D90019EB49 /* DesignableLabel.swift in Sources */ = {isa = PBXBuildFile; fileRef = 84F430A21C5650D80019EB49 /* DesignableLabel.swift */; settings = {ASSET_TAGS = (); }; };
		84F430C11C5650D90019EB49 /* DesignableTabBarController.swift in Sources */ = {isa = PBXBuildFile; fileRef = 84F430A31C5650D80019EB49 /* DesignableTabBarController.swift */; settings = {ASSET_TAGS = (); }; };
		84F430C21C5650D90019EB49 /* DesignableTextField.swift in Sources */ = {isa = PBXBuildFile; fileRef = 84F430A41C5650D80019EB49 /* DesignableTextField.swift */; settings = {ASSET_TAGS = (); }; };
		84F430C31C5650D90019EB49 /* DesignableTextView.swift in Sources */ = {isa = PBXBuildFile; fileRef = 84F430A51C5650D80019EB49 /* DesignableTextView.swift */; settings = {ASSET_TAGS = (); }; };
		84F430C41C5650D90019EB49 /* DesignableView.swift in Sources */ = {isa = PBXBuildFile; fileRef = 84F430A61C5650D80019EB49 /* DesignableView.swift */; settings = {ASSET_TAGS = (); }; };
		84F430C51C5650D90019EB49 /* ImageLoader.swift in Sources */ = {isa = PBXBuildFile; fileRef = 84F430A71C5650D80019EB49 /* ImageLoader.swift */; settings = {ASSET_TAGS = (); }; };
		84F430C61C5650D90019EB49 /* Info.plist in Resources */ = {isa = PBXBuildFile; fileRef = 84F430A81C5650D80019EB49 /* Info.plist */; settings = {ASSET_TAGS = (); }; };
		84F430C71C5650D90019EB49 /* KeyboardLayoutConstraint.swift in Sources */ = {isa = PBXBuildFile; fileRef = 84F430A91C5650D80019EB49 /* KeyboardLayoutConstraint.swift */; settings = {ASSET_TAGS = (); }; };
		84F430C81C5650D90019EB49 /* LoadingView.swift in Sources */ = {isa = PBXBuildFile; fileRef = 84F430AA1C5650D80019EB49 /* LoadingView.swift */; settings = {ASSET_TAGS = (); }; };
		84F430C91C5650D90019EB49 /* LoadingView.xib in Resources */ = {isa = PBXBuildFile; fileRef = 84F430AB1C5650D80019EB49 /* LoadingView.xib */; settings = {ASSET_TAGS = (); }; };
		84F430CA1C5650D90019EB49 /* Misc.swift in Sources */ = {isa = PBXBuildFile; fileRef = 84F430AC1C5650D80019EB49 /* Misc.swift */; settings = {ASSET_TAGS = (); }; };
		84F430CB1C5650D90019EB49 /* SoundPlayer.swift in Sources */ = {isa = PBXBuildFile; fileRef = 84F430AD1C5650D80019EB49 /* SoundPlayer.swift */; settings = {ASSET_TAGS = (); }; };
		84F430CC1C5650D90019EB49 /* Spring.swift in Sources */ = {isa = PBXBuildFile; fileRef = 84F430AF1C5650D80019EB49 /* Spring.swift */; settings = {ASSET_TAGS = (); }; };
		84F430CD1C5650D90019EB49 /* SpringAnimation.swift in Sources */ = {isa = PBXBuildFile; fileRef = 84F430B01C5650D80019EB49 /* SpringAnimation.swift */; settings = {ASSET_TAGS = (); }; };
		84F430CE1C5650D90019EB49 /* SpringButton.swift in Sources */ = {isa = PBXBuildFile; fileRef = 84F430B11C5650D80019EB49 /* SpringButton.swift */; settings = {ASSET_TAGS = (); }; };
		84F430CF1C5650D90019EB49 /* SpringImageView.swift in Sources */ = {isa = PBXBuildFile; fileRef = 84F430B21C5650D80019EB49 /* SpringImageView.swift */; settings = {ASSET_TAGS = (); }; };
		84F430D01C5650D90019EB49 /* SpringLabel.swift in Sources */ = {isa = PBXBuildFile; fileRef = 84F430B31C5650D80019EB49 /* SpringLabel.swift */; settings = {ASSET_TAGS = (); }; };
		84F430D11C5650D90019EB49 /* SpringTextField.swift in Sources */ = {isa = PBXBuildFile; fileRef = 84F430B41C5650D80019EB49 /* SpringTextField.swift */; settings = {ASSET_TAGS = (); }; };
		84F430D21C5650D90019EB49 /* SpringTextView.swift in Sources */ = {isa = PBXBuildFile; fileRef = 84F430B51C5650D80019EB49 /* SpringTextView.swift */; settings = {ASSET_TAGS = (); }; };
		84F430D31C5650D90019EB49 /* SpringView.swift in Sources */ = {isa = PBXBuildFile; fileRef = 84F430B61C5650D80019EB49 /* SpringView.swift */; settings = {ASSET_TAGS = (); }; };
		84F430D41C5650D90019EB49 /* TransitionManager.swift in Sources */ = {isa = PBXBuildFile; fileRef = 84F430B71C5650D80019EB49 /* TransitionManager.swift */; settings = {ASSET_TAGS = (); }; };
		84F430D51C5650D90019EB49 /* TransitionZoom.swift in Sources */ = {isa = PBXBuildFile; fileRef = 84F430B81C5650D80019EB49 /* TransitionZoom.swift */; settings = {ASSET_TAGS = (); }; };
		84F430D61C5650D90019EB49 /* UnwindSegue.swift in Sources */ = {isa = PBXBuildFile; fileRef = 84F430B91C5650D80019EB49 /* UnwindSegue.swift */; settings = {ASSET_TAGS = (); }; };
		84F75FC51C51142D002623E5 /* VC_NavController.m in Sources */ = {isa = PBXBuildFile; fileRef = 84F75FC41C51142D002623E5 /* VC_NavController.m */; settings = {ASSET_TAGS = (); }; };
/* End PBXBuildFile section */

/* Begin PBXFileReference section */
		818647161C43D4F9008F790B /* AlphaBet.app */ = {isa = PBXFileReference; explicitFileType = wrapper.application; includeInIndex = 0; path = AlphaBet.app; sourceTree = BUILT_PRODUCTS_DIR; };
		8186471A1C43D4F9008F790B /* main.m */ = {isa = PBXFileReference; lastKnownFileType = sourcecode.c.objc; path = main.m; sourceTree = "<group>"; };
		8186471C1C43D4F9008F790B /* AppDelegate.h */ = {isa = PBXFileReference; lastKnownFileType = sourcecode.c.h; path = AppDelegate.h; sourceTree = "<group>"; };
		8186471D1C43D4F9008F790B /* AppDelegate.m */ = {isa = PBXFileReference; lastKnownFileType = sourcecode.c.objc; path = AppDelegate.m; sourceTree = "<group>"; };
		8186471F1C43D4F9008F790B /* ViewController.h */ = {isa = PBXFileReference; lastKnownFileType = sourcecode.c.h; path = ViewController.h; sourceTree = "<group>"; };
		818647201C43D4F9008F790B /* ViewController.m */ = {isa = PBXFileReference; lastKnownFileType = sourcecode.c.objc; path = ViewController.m; sourceTree = "<group>"; };
		818647261C43D4F9008F790B /* AlphaBet.xcdatamodel */ = {isa = PBXFileReference; lastKnownFileType = wrapper.xcdatamodel; path = AlphaBet.xcdatamodel; sourceTree = "<group>"; };
		818647281C43D4F9008F790B /* Assets.xcassets */ = {isa = PBXFileReference; lastKnownFileType = folder.assetcatalog; path = Assets.xcassets; sourceTree = "<group>"; };
		8186472B1C43D4F9008F790B /* Base */ = {isa = PBXFileReference; lastKnownFileType = file.storyboard; name = Base; path = Base.lproj/LaunchScreen.storyboard; sourceTree = "<group>"; };
		8186472D1C43D4F9008F790B /* Info.plist */ = {isa = PBXFileReference; lastKnownFileType = text.plist.xml; path = Info.plist; sourceTree = "<group>"; };
		818647331C43DFC7008F790B /* VC_MainPagePlayer.h */ = {isa = PBXFileReference; fileEncoding = 4; lastKnownFileType = sourcecode.c.h; path = VC_MainPagePlayer.h; sourceTree = "<group>"; };
		818647341C43DFC7008F790B /* VC_MainPagePlayer.m */ = {isa = PBXFileReference; fileEncoding = 4; lastKnownFileType = sourcecode.c.objc; path = VC_MainPagePlayer.m; sourceTree = "<group>"; };
		841C9AC11C4E678F004C613E /* AlphaBet-Bridging-Header.h */ = {isa = PBXFileReference; lastKnownFileType = sourcecode.c.h; path = "AlphaBet-Bridging-Header.h"; sourceTree = SOURCE_ROOT; };
		841C9AC21C4E6790004C613E /* AkiraTextField.swift */ = {isa = PBXFileReference; fileEncoding = 4; lastKnownFileType = sourcecode.swift; name = AkiraTextField.swift; path = AlphaBet/Extension/TextFieldEffects/AkiraTextField.swift; sourceTree = "<group>"; };
		841C9AC31C4E6790004C613E /* HoshiTextField.swift */ = {isa = PBXFileReference; fileEncoding = 4; lastKnownFileType = sourcecode.swift; name = HoshiTextField.swift; path = AlphaBet/Extension/TextFieldEffects/HoshiTextField.swift; sourceTree = "<group>"; };
		841C9AC41C4E6790004C613E /* Info.plist */ = {isa = PBXFileReference; fileEncoding = 4; lastKnownFileType = text.plist.xml; name = Info.plist; path = AlphaBet/Extension/TextFieldEffects/Info.plist; sourceTree = "<group>"; };
		841C9AC51C4E6790004C613E /* IsaoTextField.swift */ = {isa = PBXFileReference; fileEncoding = 4; lastKnownFileType = sourcecode.swift; name = IsaoTextField.swift; path = AlphaBet/Extension/TextFieldEffects/IsaoTextField.swift; sourceTree = "<group>"; };
		841C9AC61C4E6790004C613E /* JiroTextField.swift */ = {isa = PBXFileReference; fileEncoding = 4; lastKnownFileType = sourcecode.swift; name = JiroTextField.swift; path = AlphaBet/Extension/TextFieldEffects/JiroTextField.swift; sourceTree = "<group>"; };
		841C9AC71C4E6790004C613E /* KaedeTextField.swift */ = {isa = PBXFileReference; fileEncoding = 4; lastKnownFileType = sourcecode.swift; name = KaedeTextField.swift; path = AlphaBet/Extension/TextFieldEffects/KaedeTextField.swift; sourceTree = "<group>"; };
		841C9AC81C4E6790004C613E /* MadokaTextField.swift */ = {isa = PBXFileReference; fileEncoding = 4; lastKnownFileType = sourcecode.swift; name = MadokaTextField.swift; path = AlphaBet/Extension/TextFieldEffects/MadokaTextField.swift; sourceTree = "<group>"; };
		841C9AC91C4E6790004C613E /* MinoruTextField.swift */ = {isa = PBXFileReference; fileEncoding = 4; lastKnownFileType = sourcecode.swift; name = MinoruTextField.swift; path = AlphaBet/Extension/TextFieldEffects/MinoruTextField.swift; sourceTree = "<group>"; };
		841C9ACA1C4E6790004C613E /* TextFieldEffects.h */ = {isa = PBXFileReference; fileEncoding = 4; lastKnownFileType = sourcecode.c.h; name = TextFieldEffects.h; path = AlphaBet/Extension/TextFieldEffects/TextFieldEffects.h; sourceTree = "<group>"; };
		841C9ACB1C4E6790004C613E /* TextFieldsEffects.swift */ = {isa = PBXFileReference; fileEncoding = 4; lastKnownFileType = sourcecode.swift; name = TextFieldsEffects.swift; path = AlphaBet/Extension/TextFieldEffects/TextFieldsEffects.swift; sourceTree = "<group>"; };
		841C9ACC1C4E6790004C613E /* YokoTextField.swift */ = {isa = PBXFileReference; fileEncoding = 4; lastKnownFileType = sourcecode.swift; name = YokoTextField.swift; path = AlphaBet/Extension/TextFieldEffects/YokoTextField.swift; sourceTree = "<group>"; };
		84D56B4E1C44A5D3007C3F0F /* CC_CollectionViewCell.h */ = {isa = PBXFileReference; fileEncoding = 4; lastKnownFileType = sourcecode.c.h; path = CC_CollectionViewCell.h; sourceTree = "<group>"; };
		84D56B4F1C44A5D3007C3F0F /* CC_CollectionViewCell.m */ = {isa = PBXFileReference; fileEncoding = 4; lastKnownFileType = sourcecode.c.objc; path = CC_CollectionViewCell.m; sourceTree = "<group>"; };
		84D56B521C44A668007C3F0F /* a.png */ = {isa = PBXFileReference; lastKnownFileType = image.png; path = a.png; sourceTree = "<group>"; };
		84D56B531C44A668007C3F0F /* b.png */ = {isa = PBXFileReference; lastKnownFileType = image.png; path = b.png; sourceTree = "<group>"; };
		84D56B541C44A668007C3F0F /* c.png */ = {isa = PBXFileReference; lastKnownFileType = image.png; path = c.png; sourceTree = "<group>"; };
		84D56B551C44A668007C3F0F /* d.png */ = {isa = PBXFileReference; lastKnownFileType = image.png; path = d.png; sourceTree = "<group>"; };
		84D56B561C44A668007C3F0F /* e.png */ = {isa = PBXFileReference; lastKnownFileType = image.png; path = e.png; sourceTree = "<group>"; };
		84D56B571C44A668007C3F0F /* f.png */ = {isa = PBXFileReference; lastKnownFileType = image.png; path = f.png; sourceTree = "<group>"; };
		84D56B581C44A668007C3F0F /* g.png */ = {isa = PBXFileReference; lastKnownFileType = image.png; path = g.png; sourceTree = "<group>"; };
		84D56B591C44A668007C3F0F /* h.png */ = {isa = PBXFileReference; lastKnownFileType = image.png; path = h.png; sourceTree = "<group>"; };
		84D56B5A1C44A668007C3F0F /* i.png */ = {isa = PBXFileReference; lastKnownFileType = image.png; path = i.png; sourceTree = "<group>"; };
		84D56B5B1C44A668007C3F0F /* j.png */ = {isa = PBXFileReference; lastKnownFileType = image.png; path = j.png; sourceTree = "<group>"; };
		84D56B5C1C44A668007C3F0F /* k.png */ = {isa = PBXFileReference; lastKnownFileType = image.png; path = k.png; sourceTree = "<group>"; };
		84D56B5D1C44A668007C3F0F /* l.png */ = {isa = PBXFileReference; lastKnownFileType = image.png; path = l.png; sourceTree = "<group>"; };
		84D56B5E1C44A668007C3F0F /* m.png */ = {isa = PBXFileReference; lastKnownFileType = image.png; path = m.png; sourceTree = "<group>"; };
		84D56B5F1C44A668007C3F0F /* n.png */ = {isa = PBXFileReference; lastKnownFileType = image.png; path = n.png; sourceTree = "<group>"; };
		84D56B601C44A668007C3F0F /* o.png */ = {isa = PBXFileReference; lastKnownFileType = image.png; path = o.png; sourceTree = "<group>"; };
		84D56B611C44A668007C3F0F /* p.png */ = {isa = PBXFileReference; lastKnownFileType = image.png; path = p.png; sourceTree = "<group>"; };
		84D56B621C44A668007C3F0F /* q.png */ = {isa = PBXFileReference; lastKnownFileType = image.png; path = q.png; sourceTree = "<group>"; };
		84D56B631C44A668007C3F0F /* r.png */ = {isa = PBXFileReference; lastKnownFileType = image.png; path = r.png; sourceTree = "<group>"; };
		84D56B641C44A668007C3F0F /* s.png */ = {isa = PBXFileReference; lastKnownFileType = image.png; path = s.png; sourceTree = "<group>"; };
		84D56B651C44A668007C3F0F /* t.png */ = {isa = PBXFileReference; lastKnownFileType = image.png; path = t.png; sourceTree = "<group>"; };
		84D56B661C44A668007C3F0F /* u.png */ = {isa = PBXFileReference; lastKnownFileType = image.png; path = u.png; sourceTree = "<group>"; };
		84D56B671C44A668007C3F0F /* v.png */ = {isa = PBXFileReference; lastKnownFileType = image.png; path = v.png; sourceTree = "<group>"; };
		84D56B681C44A668007C3F0F /* w.png */ = {isa = PBXFileReference; lastKnownFileType = image.png; path = w.png; sourceTree = "<group>"; };
		84D56B691C44A668007C3F0F /* x.png */ = {isa = PBXFileReference; lastKnownFileType = image.png; path = x.png; sourceTree = "<group>"; };
		84D56B6A1C44A668007C3F0F /* y.png */ = {isa = PBXFileReference; lastKnownFileType = image.png; path = y.png; sourceTree = "<group>"; };
		84D56B6B1C44A668007C3F0F /* z.png */ = {isa = PBXFileReference; lastKnownFileType = image.png; path = z.png; sourceTree = "<group>"; };
		84E27DCF1C56260E006B30F6 /* ABC_main.png */ = {isa = PBXFileReference; lastKnownFileType = image.png; path = ABC_main.png; sourceTree = "<group>"; };
		84E27DD01C56260E006B30F6 /* mainBG.jpg */ = {isa = PBXFileReference; lastKnownFileType = image.jpeg; path = mainBG.jpg; sourceTree = "<group>"; };
		84E27DD11C56260E006B30F6 /* play.png */ = {isa = PBXFileReference; lastKnownFileType = image.png; path = play.png; sourceTree = "<group>"; };
		84E27DD21C56260E006B30F6 /* playwith.png */ = {isa = PBXFileReference; lastKnownFileType = image.png; path = playwith.png; sourceTree = "<group>"; };
		84E27DD31C56260E006B30F6 /* racoon.gif */ = {isa = PBXFileReference; lastKnownFileType = image.gif; path = racoon.gif; sourceTree = "<group>"; };
		84E782BF1C460F9000E334C3 /* Z.wav */ = {isa = PBXFileReference; lastKnownFileType = audio.wav; path = Z.wav; sourceTree = "<group>"; };
		84E782C11C46138500E334C3 /* AVFoundation.framework */ = {isa = PBXFileReference; lastKnownFileType = wrapper.framework; name = AVFoundation.framework; path = System/Library/Frameworks/AVFoundation.framework; sourceTree = SDKROOT; };
		84F430991C5649970019EB49 /* board.png */ = {isa = PBXFileReference; lastKnownFileType = image.png; path = board.png; sourceTree = "<group>"; };
		84F4309C1C5650D80019EB49 /* AsyncButton.swift */ = {isa = PBXFileReference; fileEncoding = 4; lastKnownFileType = sourcecode.swift; name = AsyncButton.swift; path = AlphaBet/Extension/SpringAnimation/AsyncButton.swift; sourceTree = "<group>"; };
		84F4309D1C5650D80019EB49 /* AsyncImageView.swift */ = {isa = PBXFileReference; fileEncoding = 4; lastKnownFileType = sourcecode.swift; name = AsyncImageView.swift; path = AlphaBet/Extension/SpringAnimation/AsyncImageView.swift; sourceTree = "<group>"; };
		84F4309E1C5650D80019EB49 /* AutoTextView.swift */ = {isa = PBXFileReference; fileEncoding = 4; lastKnownFileType = sourcecode.swift; name = AutoTextView.swift; path = AlphaBet/Extension/SpringAnimation/AutoTextView.swift; sourceTree = "<group>"; };
		84F4309F1C5650D80019EB49 /* BlurView.swift */ = {isa = PBXFileReference; fileEncoding = 4; lastKnownFileType = sourcecode.swift; name = BlurView.swift; path = AlphaBet/Extension/SpringAnimation/BlurView.swift; sourceTree = "<group>"; };
		84F430A01C5650D80019EB49 /* DesignableButton.swift */ = {isa = PBXFileReference; fileEncoding = 4; lastKnownFileType = sourcecode.swift; name = DesignableButton.swift; path = AlphaBet/Extension/SpringAnimation/DesignableButton.swift; sourceTree = "<group>"; };
		84F430A11C5650D80019EB49 /* DesignableImageView.swift */ = {isa = PBXFileReference; fileEncoding = 4; lastKnownFileType = sourcecode.swift; name = DesignableImageView.swift; path = AlphaBet/Extension/SpringAnimation/DesignableImageView.swift; sourceTree = "<group>"; };
		84F430A21C5650D80019EB49 /* DesignableLabel.swift */ = {isa = PBXFileReference; fileEncoding = 4; lastKnownFileType = sourcecode.swift; name = DesignableLabel.swift; path = AlphaBet/Extension/SpringAnimation/DesignableLabel.swift; sourceTree = "<group>"; };
		84F430A31C5650D80019EB49 /* DesignableTabBarController.swift */ = {isa = PBXFileReference; fileEncoding = 4; lastKnownFileType = sourcecode.swift; name = DesignableTabBarController.swift; path = AlphaBet/Extension/SpringAnimation/DesignableTabBarController.swift; sourceTree = "<group>"; };
		84F430A41C5650D80019EB49 /* DesignableTextField.swift */ = {isa = PBXFileReference; fileEncoding = 4; lastKnownFileType = sourcecode.swift; name = DesignableTextField.swift; path = AlphaBet/Extension/SpringAnimation/DesignableTextField.swift; sourceTree = "<group>"; };
		84F430A51C5650D80019EB49 /* DesignableTextView.swift */ = {isa = PBXFileReference; fileEncoding = 4; lastKnownFileType = sourcecode.swift; name = DesignableTextView.swift; path = AlphaBet/Extension/SpringAnimation/DesignableTextView.swift; sourceTree = "<group>"; };
		84F430A61C5650D80019EB49 /* DesignableView.swift */ = {isa = PBXFileReference; fileEncoding = 4; lastKnownFileType = sourcecode.swift; name = DesignableView.swift; path = AlphaBet/Extension/SpringAnimation/DesignableView.swift; sourceTree = "<group>"; };
		84F430A71C5650D80019EB49 /* ImageLoader.swift */ = {isa = PBXFileReference; fileEncoding = 4; lastKnownFileType = sourcecode.swift; name = ImageLoader.swift; path = AlphaBet/Extension/SpringAnimation/ImageLoader.swift; sourceTree = "<group>"; };
		84F430A81C5650D80019EB49 /* Info.plist */ = {isa = PBXFileReference; fileEncoding = 4; lastKnownFileType = text.plist.xml; name = Info.plist; path = AlphaBet/Extension/SpringAnimation/Info.plist; sourceTree = "<group>"; };
		84F430A91C5650D80019EB49 /* KeyboardLayoutConstraint.swift */ = {isa = PBXFileReference; fileEncoding = 4; lastKnownFileType = sourcecode.swift; name = KeyboardLayoutConstraint.swift; path = AlphaBet/Extension/SpringAnimation/KeyboardLayoutConstraint.swift; sourceTree = "<group>"; };
		84F430AA1C5650D80019EB49 /* LoadingView.swift */ = {isa = PBXFileReference; fileEncoding = 4; lastKnownFileType = sourcecode.swift; name = LoadingView.swift; path = AlphaBet/Extension/SpringAnimation/LoadingView.swift; sourceTree = "<group>"; };
		84F430AB1C5650D80019EB49 /* LoadingView.xib */ = {isa = PBXFileReference; fileEncoding = 4; lastKnownFileType = file.xib; name = LoadingView.xib; path = AlphaBet/Extension/SpringAnimation/LoadingView.xib; sourceTree = "<group>"; };
		84F430AC1C5650D80019EB49 /* Misc.swift */ = {isa = PBXFileReference; fileEncoding = 4; lastKnownFileType = sourcecode.swift; name = Misc.swift; path = AlphaBet/Extension/SpringAnimation/Misc.swift; sourceTree = "<group>"; };
		84F430AD1C5650D80019EB49 /* SoundPlayer.swift */ = {isa = PBXFileReference; fileEncoding = 4; lastKnownFileType = sourcecode.swift; name = SoundPlayer.swift; path = AlphaBet/Extension/SpringAnimation/SoundPlayer.swift; sourceTree = "<group>"; };
		84F430AE1C5650D80019EB49 /* Spring.h */ = {isa = PBXFileReference; fileEncoding = 4; lastKnownFileType = sourcecode.c.h; name = Spring.h; path = AlphaBet/Extension/SpringAnimation/Spring.h; sourceTree = "<group>"; };
		84F430AF1C5650D80019EB49 /* Spring.swift */ = {isa = PBXFileReference; fileEncoding = 4; lastKnownFileType = sourcecode.swift; name = Spring.swift; path = AlphaBet/Extension/SpringAnimation/Spring.swift; sourceTree = "<group>"; };
		84F430B01C5650D80019EB49 /* SpringAnimation.swift */ = {isa = PBXFileReference; fileEncoding = 4; lastKnownFileType = sourcecode.swift; name = SpringAnimation.swift; path = AlphaBet/Extension/SpringAnimation/SpringAnimation.swift; sourceTree = "<group>"; };
		84F430B11C5650D80019EB49 /* SpringButton.swift */ = {isa = PBXFileReference; fileEncoding = 4; lastKnownFileType = sourcecode.swift; name = SpringButton.swift; path = AlphaBet/Extension/SpringAnimation/SpringButton.swift; sourceTree = "<group>"; };
		84F430B21C5650D80019EB49 /* SpringImageView.swift */ = {isa = PBXFileReference; fileEncoding = 4; lastKnownFileType = sourcecode.swift; name = SpringImageView.swift; path = AlphaBet/Extension/SpringAnimation/SpringImageView.swift; sourceTree = "<group>"; };
		84F430B31C5650D80019EB49 /* SpringLabel.swift */ = {isa = PBXFileReference; fileEncoding = 4; lastKnownFileType = sourcecode.swift; name = SpringLabel.swift; path = AlphaBet/Extension/SpringAnimation/SpringLabel.swift; sourceTree = "<group>"; };
		84F430B41C5650D80019EB49 /* SpringTextField.swift */ = {isa = PBXFileReference; fileEncoding = 4; lastKnownFileType = sourcecode.swift; name = SpringTextField.swift; path = AlphaBet/Extension/SpringAnimation/SpringTextField.swift; sourceTree = "<group>"; };
		84F430B51C5650D80019EB49 /* SpringTextView.swift */ = {isa = PBXFileReference; fileEncoding = 4; lastKnownFileType = sourcecode.swift; name = SpringTextView.swift; path = AlphaBet/Extension/SpringAnimation/SpringTextView.swift; sourceTree = "<group>"; };
		84F430B61C5650D80019EB49 /* SpringView.swift */ = {isa = PBXFileReference; fileEncoding = 4; lastKnownFileType = sourcecode.swift; name = SpringView.swift; path = AlphaBet/Extension/SpringAnimation/SpringView.swift; sourceTree = "<group>"; };
		84F430B71C5650D80019EB49 /* TransitionManager.swift */ = {isa = PBXFileReference; fileEncoding = 4; lastKnownFileType = sourcecode.swift; name = TransitionManager.swift; path = AlphaBet/Extension/SpringAnimation/TransitionManager.swift; sourceTree = "<group>"; };
		84F430B81C5650D80019EB49 /* TransitionZoom.swift */ = {isa = PBXFileReference; fileEncoding = 4; lastKnownFileType = sourcecode.swift; name = TransitionZoom.swift; path = AlphaBet/Extension/SpringAnimation/TransitionZoom.swift; sourceTree = "<group>"; };
		84F430B91C5650D80019EB49 /* UnwindSegue.swift */ = {isa = PBXFileReference; fileEncoding = 4; lastKnownFileType = sourcecode.swift; name = UnwindSegue.swift; path = AlphaBet/Extension/SpringAnimation/UnwindSegue.swift; sourceTree = "<group>"; };
		84F75FC31C51142D002623E5 /* VC_NavController.h */ = {isa = PBXFileReference; fileEncoding = 4; lastKnownFileType = sourcecode.c.h; path = VC_NavController.h; sourceTree = "<group>"; };
		84F75FC41C51142D002623E5 /* VC_NavController.m */ = {isa = PBXFileReference; fileEncoding = 4; lastKnownFileType = sourcecode.c.objc; path = VC_NavController.m; sourceTree = "<group>"; };
/* End PBXFileReference section */

/* Begin PBXFrameworksBuildPhase section */
		818647131C43D4F9008F790B /* Frameworks */ = {
			isa = PBXFrameworksBuildPhase;
			buildActionMask = 2147483647;
			files = (
				84E782C21C46138500E334C3 /* AVFoundation.framework in Frameworks */,
			);
			runOnlyForDeploymentPostprocessing = 0;
		};
/* End PBXFrameworksBuildPhase section */

/* Begin PBXGroup section */
		8186470D1C43D4F9008F790B = {
			isa = PBXGroup;
			children = (
				841C9ABF1C4E66FE004C613E /* Extension */,
				84E782C11C46138500E334C3 /* AVFoundation.framework */,
				818647181C43D4F9008F790B /* AlphaBet */,
				818647171C43D4F9008F790B /* Products */,
			);
			sourceTree = "<group>";
		};
		818647171C43D4F9008F790B /* Products */ = {
			isa = PBXGroup;
			children = (
				818647161C43D4F9008F790B /* AlphaBet.app */,
			);
			name = Products;
			sourceTree = "<group>";
		};
		818647181C43D4F9008F790B /* AlphaBet */ = {
			isa = PBXGroup;
			children = (
				8186471C1C43D4F9008F790B /* AppDelegate.h */,
				8186471D1C43D4F9008F790B /* AppDelegate.m */,
				84F75FC31C51142D002623E5 /* VC_NavController.h */,
				84F75FC41C51142D002623E5 /* VC_NavController.m */,
				8186471F1C43D4F9008F790B /* ViewController.h */,
				818647201C43D4F9008F790B /* ViewController.m */,
				818647331C43DFC7008F790B /* VC_MainPagePlayer.h */,
				818647341C43DFC7008F790B /* VC_MainPagePlayer.m */,
				84D56B4A1C44A545007C3F0F /* CC_CellMainPagePlayer */,
				84E782BE1C4607EB00E334C3 /* Sound */,
				84D56B511C44A628007C3F0F /* Image */,
				818647191C43D4F9008F790B /* Supporting Files */,
			);
			path = AlphaBet;
			sourceTree = "<group>";
		};
		818647191C43D4F9008F790B /* Supporting Files */ = {
			isa = PBXGroup;
			children = (
				841C9AC11C4E678F004C613E /* AlphaBet-Bridging-Header.h */,
				818647281C43D4F9008F790B /* Assets.xcassets */,
				818647251C43D4F9008F790B /* AlphaBet.xcdatamodeld */,
				8186472A1C43D4F9008F790B /* LaunchScreen.storyboard */,
				8186472D1C43D4F9008F790B /* Info.plist */,
				8186471A1C43D4F9008F790B /* main.m */,
			);
			name = "Supporting Files";
			sourceTree = "<group>";
		};
		841C9ABF1C4E66FE004C613E /* Extension */ = {
			isa = PBXGroup;
			children = (
				84F4309B1C56501A0019EB49 /* iOS Spring */,
				841C9AC01C4E6713004C613E /* TextFieldEffects */,
			);
			name = Extension;
			sourceTree = "<group>";
		};
		841C9AC01C4E6713004C613E /* TextFieldEffects */ = {
			isa = PBXGroup;
			children = (
				841C9AC21C4E6790004C613E /* AkiraTextField.swift */,
				841C9AC31C4E6790004C613E /* HoshiTextField.swift */,
				841C9AC41C4E6790004C613E /* Info.plist */,
				841C9AC51C4E6790004C613E /* IsaoTextField.swift */,
				841C9AC61C4E6790004C613E /* JiroTextField.swift */,
				841C9AC71C4E6790004C613E /* KaedeTextField.swift */,
				841C9AC81C4E6790004C613E /* MadokaTextField.swift */,
				841C9AC91C4E6790004C613E /* MinoruTextField.swift */,
				841C9ACA1C4E6790004C613E /* TextFieldEffects.h */,
				841C9ACB1C4E6790004C613E /* TextFieldsEffects.swift */,
				841C9ACC1C4E6790004C613E /* YokoTextField.swift */,
			);
			name = TextFieldEffects;
			sourceTree = "<group>";
		};
		84D56B4A1C44A545007C3F0F /* CC_CellMainPagePlayer */ = {
			isa = PBXGroup;
			children = (
				84D56B4E1C44A5D3007C3F0F /* CC_CollectionViewCell.h */,
				84D56B4F1C44A5D3007C3F0F /* CC_CollectionViewCell.m */,
			);
			name = CC_CellMainPagePlayer;
			sourceTree = "<group>";
		};
		84D56B511C44A628007C3F0F /* Image */ = {
			isa = PBXGroup;
			children = (
				84F430991C5649970019EB49 /* board.png */,
				84E27DCF1C56260E006B30F6 /* ABC_main.png */,
				84E27DD01C56260E006B30F6 /* mainBG.jpg */,
				84E27DD11C56260E006B30F6 /* play.png */,
				84E27DD21C56260E006B30F6 /* playwith.png */,
				84E27DD31C56260E006B30F6 /* racoon.gif */,
				84D56B521C44A668007C3F0F /* a.png */,
				84D56B531C44A668007C3F0F /* b.png */,
				84D56B541C44A668007C3F0F /* c.png */,
				84D56B551C44A668007C3F0F /* d.png */,
				84D56B561C44A668007C3F0F /* e.png */,
				84D56B571C44A668007C3F0F /* f.png */,
				84D56B581C44A668007C3F0F /* g.png */,
				84D56B591C44A668007C3F0F /* h.png */,
				84D56B5A1C44A668007C3F0F /* i.png */,
				84D56B5B1C44A668007C3F0F /* j.png */,
				84D56B5C1C44A668007C3F0F /* k.png */,
				84D56B5D1C44A668007C3F0F /* l.png */,
				84D56B5E1C44A668007C3F0F /* m.png */,
				84D56B5F1C44A668007C3F0F /* n.png */,
				84D56B601C44A668007C3F0F /* o.png */,
				84D56B611C44A668007C3F0F /* p.png */,
				84D56B621C44A668007C3F0F /* q.png */,
				84D56B631C44A668007C3F0F /* r.png */,
				84D56B641C44A668007C3F0F /* s.png */,
				84D56B651C44A668007C3F0F /* t.png */,
				84D56B661C44A668007C3F0F /* u.png */,
				84D56B671C44A668007C3F0F /* v.png */,
				84D56B681C44A668007C3F0F /* w.png */,
				84D56B691C44A668007C3F0F /* x.png */,
				84D56B6A1C44A668007C3F0F /* y.png */,
				84D56B6B1C44A668007C3F0F /* z.png */,
			);
			name = Image;
			sourceTree = "<group>";
		};
		84E782BE1C4607EB00E334C3 /* Sound */ = {
			isa = PBXGroup;
			children = (
				84E782BF1C460F9000E334C3 /* Z.wav */,
			);
			name = Sound;
			sourceTree = "<group>";
		};
		84F4309B1C56501A0019EB49 /* iOS Spring */ = {
			isa = PBXGroup;
			children = (
				84F4309C1C5650D80019EB49 /* AsyncButton.swift */,
				84F4309D1C5650D80019EB49 /* AsyncImageView.swift */,
				84F4309E1C5650D80019EB49 /* AutoTextView.swift */,
				84F4309F1C5650D80019EB49 /* BlurView.swift */,
				84F430A01C5650D80019EB49 /* DesignableButton.swift */,
				84F430A11C5650D80019EB49 /* DesignableImageView.swift */,
				84F430A21C5650D80019EB49 /* DesignableLabel.swift */,
				84F430A31C5650D80019EB49 /* DesignableTabBarController.swift */,
				84F430A41C5650D80019EB49 /* DesignableTextField.swift */,
				84F430A51C5650D80019EB49 /* DesignableTextView.swift */,
				84F430A61C5650D80019EB49 /* DesignableView.swift */,
				84F430A71C5650D80019EB49 /* ImageLoader.swift */,
				84F430A81C5650D80019EB49 /* Info.plist */,
				84F430A91C5650D80019EB49 /* KeyboardLayoutConstraint.swift */,
				84F430AA1C5650D80019EB49 /* LoadingView.swift */,
				84F430AB1C5650D80019EB49 /* LoadingView.xib */,
				84F430AC1C5650D80019EB49 /* Misc.swift */,
				84F430AD1C5650D80019EB49 /* SoundPlayer.swift */,
				84F430AE1C5650D80019EB49 /* Spring.h */,
				84F430AF1C5650D80019EB49 /* Spring.swift */,
				84F430B01C5650D80019EB49 /* SpringAnimation.swift */,
				84F430B11C5650D80019EB49 /* SpringButton.swift */,
				84F430B21C5650D80019EB49 /* SpringImageView.swift */,
				84F430B31C5650D80019EB49 /* SpringLabel.swift */,
				84F430B41C5650D80019EB49 /* SpringTextField.swift */,
				84F430B51C5650D80019EB49 /* SpringTextView.swift */,
				84F430B61C5650D80019EB49 /* SpringView.swift */,
				84F430B71C5650D80019EB49 /* TransitionManager.swift */,
				84F430B81C5650D80019EB49 /* TransitionZoom.swift */,
				84F430B91C5650D80019EB49 /* UnwindSegue.swift */,
			);
			name = "iOS Spring";
			sourceTree = "<group>";
		};
/* End PBXGroup section */

/* Begin PBXNativeTarget section */
		818647151C43D4F9008F790B /* AlphaBet */ = {
			isa = PBXNativeTarget;
			buildConfigurationList = 818647301C43D4F9008F790B /* Build configuration list for PBXNativeTarget "AlphaBet" */;
			buildPhases = (
				818647121C43D4F9008F790B /* Sources */,
				818647131C43D4F9008F790B /* Frameworks */,
				818647141C43D4F9008F790B /* Resources */,
			);
			buildRules = (
			);
			dependencies = (
			);
			name = AlphaBet;
			productName = AlphaBet;
			productReference = 818647161C43D4F9008F790B /* AlphaBet.app */;
			productType = "com.apple.product-type.application";
		};
/* End PBXNativeTarget section */

/* Begin PBXProject section */
		8186470E1C43D4F9008F790B /* Project object */ = {
			isa = PBXProject;
			attributes = {
				LastSwiftUpdateCheck = 0700;
				LastUpgradeCheck = 0720;
				ORGANIZATIONNAME = LucChelsea;
				TargetAttributes = {
					818647151C43D4F9008F790B = {
						CreatedOnToolsVersion = 7.2;
					};
				};
			};
			buildConfigurationList = 818647111C43D4F9008F790B /* Build configuration list for PBXProject "AlphaBet" */;
			compatibilityVersion = "Xcode 3.2";
			developmentRegion = English;
			hasScannedForEncodings = 0;
			knownRegions = (
				en,
				Base,
			);
			mainGroup = 8186470D1C43D4F9008F790B;
			productRefGroup = 818647171C43D4F9008F790B /* Products */;
			projectDirPath = "";
			projectRoot = "";
			targets = (
				818647151C43D4F9008F790B /* AlphaBet */,
			);
		};
/* End PBXProject section */

/* Begin PBXResourcesBuildPhase section */
		818647141C43D4F9008F790B /* Resources */ = {
			isa = PBXResourcesBuildPhase;
			buildActionMask = 2147483647;
			files = (
				84D56B7F1C44A668007C3F0F /* t.png in Resources */,
				84D56B7B1C44A668007C3F0F /* p.png in Resources */,
				84D56B741C44A668007C3F0F /* i.png in Resources */,
				84F430C91C5650D90019EB49 /* LoadingView.xib in Resources */,
				84D56B761C44A668007C3F0F /* k.png in Resources */,
				84D56B721C44A668007C3F0F /* g.png in Resources */,
				84D56B6F1C44A668007C3F0F /* d.png in Resources */,
				84D56B811C44A668007C3F0F /* v.png in Resources */,
				84E27DD51C56260E006B30F6 /* mainBG.jpg in Resources */,
				84D56B701C44A668007C3F0F /* e.png in Resources */,
				841C9ACF1C4E6790004C613E /* Info.plist in Resources */,
				84D56B6C1C44A668007C3F0F /* a.png in Resources */,
				84D56B7C1C44A668007C3F0F /* q.png in Resources */,
				84E27DD41C56260E006B30F6 /* ABC_main.png in Resources */,
				84D56B791C44A668007C3F0F /* n.png in Resources */,
				84D56B731C44A668007C3F0F /* h.png in Resources */,
				84D56B751C44A668007C3F0F /* j.png in Resources */,
				84D56B771C44A668007C3F0F /* l.png in Resources */,
				84D56B831C44A668007C3F0F /* x.png in Resources */,
				84D56B821C44A668007C3F0F /* w.png in Resources */,
				84D56B801C44A668007C3F0F /* u.png in Resources */,
				84F430C61C5650D90019EB49 /* Info.plist in Resources */,
				84F4309A1C5649970019EB49 /* board.png in Resources */,
				84E27DD81C56260E006B30F6 /* racoon.gif in Resources */,
				84D56B781C44A668007C3F0F /* m.png in Resources */,
				84D56B841C44A668007C3F0F /* y.png in Resources */,
				8186472C1C43D4F9008F790B /* LaunchScreen.storyboard in Resources */,
				84E782C01C460F9000E334C3 /* Z.wav in Resources */,
				84E27DD61C56260E006B30F6 /* play.png in Resources */,
				84E27DD71C56260E006B30F6 /* playwith.png in Resources */,
				84D56B7D1C44A668007C3F0F /* r.png in Resources */,
				84D56B7E1C44A668007C3F0F /* s.png in Resources */,
				84D56B851C44A668007C3F0F /* z.png in Resources */,
				84D56B7A1C44A668007C3F0F /* o.png in Resources */,
				84D56B6D1C44A668007C3F0F /* b.png in Resources */,
				818647291C43D4F9008F790B /* Assets.xcassets in Resources */,
				84D56B711C44A668007C3F0F /* f.png in Resources */,
				84D56B6E1C44A668007C3F0F /* c.png in Resources */,
			);
			runOnlyForDeploymentPostprocessing = 0;
		};
/* End PBXResourcesBuildPhase section */

/* Begin PBXSourcesBuildPhase section */
		818647121C43D4F9008F790B /* Sources */ = {
			isa = PBXSourcesBuildPhase;
			buildActionMask = 2147483647;
			files = (
				84F430CA1C5650D90019EB49 /* Misc.swift in Sources */,
				84F430CD1C5650D90019EB49 /* SpringAnimation.swift in Sources */,
				84F430C01C5650D90019EB49 /* DesignableLabel.swift in Sources */,
				84F430CB1C5650D90019EB49 /* SoundPlayer.swift in Sources */,
				84F430C71C5650D90019EB49 /* KeyboardLayoutConstraint.swift in Sources */,
				84F430CF1C5650D90019EB49 /* SpringImageView.swift in Sources */,
				818647211C43D4F9008F790B /* ViewController.m in Sources */,
				84F430C21C5650D90019EB49 /* DesignableTextField.swift in Sources */,
				841C9AD11C4E6790004C613E /* JiroTextField.swift in Sources */,
				84F430BE1C5650D90019EB49 /* DesignableButton.swift in Sources */,
				84F430D01C5650D90019EB49 /* SpringLabel.swift in Sources */,
				84F430BA1C5650D80019EB49 /* AsyncButton.swift in Sources */,
				841C9AD21C4E6791004C613E /* KaedeTextField.swift in Sources */,
				8186471E1C43D4F9008F790B /* AppDelegate.m in Sources */,
				84F430BB1C5650D90019EB49 /* AsyncImageView.swift in Sources */,
				841C9ACD1C4E6790004C613E /* AkiraTextField.swift in Sources */,
				841C9ACE1C4E6790004C613E /* HoshiTextField.swift in Sources */,
				84F430C11C5650D90019EB49 /* DesignableTabBarController.swift in Sources */,
				841C9AD41C4E6791004C613E /* MinoruTextField.swift in Sources */,
				841C9AD31C4E6791004C613E /* MadokaTextField.swift in Sources */,
				84F430D41C5650D90019EB49 /* TransitionManager.swift in Sources */,
				84F430C51C5650D90019EB49 /* ImageLoader.swift in Sources */,
				818647271C43D4F9008F790B /* AlphaBet.xcdatamodeld in Sources */,
				84F430BF1C5650D90019EB49 /* DesignableImageView.swift in Sources */,
				84F430BC1C5650D90019EB49 /* AutoTextView.swift in Sources */,
				818647351C43DFC7008F790B /* VC_MainPagePlayer.m in Sources */,
				84F430D31C5650D90019EB49 /* SpringView.swift in Sources */,
				84F430D51C5650D90019EB49 /* TransitionZoom.swift in Sources */,
				841C9AD51C4E6791004C613E /* TextFieldsEffects.swift in Sources */,
				841C9AD61C4E6791004C613E /* YokoTextField.swift in Sources */,
				841C9AD01C4E6790004C613E /* IsaoTextField.swift in Sources */,
				84F430C81C5650D90019EB49 /* LoadingView.swift in Sources */,
				84D56B501C44A5D3007C3F0F /* CC_CollectionViewCell.m in Sources */,
				84F430CE1C5650D90019EB49 /* SpringButton.swift in Sources */,
				84F430BD1C5650D90019EB49 /* BlurView.swift in Sources */,
				84F430D11C5650D90019EB49 /* SpringTextField.swift in Sources */,
				84F430D61C5650D90019EB49 /* UnwindSegue.swift in Sources */,
				84F430D21C5650D90019EB49 /* SpringTextView.swift in Sources */,
				84F430C31C5650D90019EB49 /* DesignableTextView.swift in Sources */,
				84F430CC1C5650D90019EB49 /* Spring.swift in Sources */,
				84F75FC51C51142D002623E5 /* VC_NavController.m in Sources */,
				8186471B1C43D4F9008F790B /* main.m in Sources */,
				84F430C41C5650D90019EB49 /* DesignableView.swift in Sources */,
			);
			runOnlyForDeploymentPostprocessing = 0;
		};
/* End PBXSourcesBuildPhase section */

/* Begin PBXVariantGroup section */
		8186472A1C43D4F9008F790B /* LaunchScreen.storyboard */ = {
			isa = PBXVariantGroup;
			children = (
				8186472B1C43D4F9008F790B /* Base */,
			);
			name = LaunchScreen.storyboard;
			sourceTree = "<group>";
		};
/* End PBXVariantGroup section */

/* Begin XCBuildConfiguration section */
		8186472E1C43D4F9008F790B /* Debug */ = {
			isa = XCBuildConfiguration;
			buildSettings = {
				ALWAYS_SEARCH_USER_PATHS = NO;
				CLANG_CXX_LANGUAGE_STANDARD = "gnu++0x";
				CLANG_CXX_LIBRARY = "libc++";
				CLANG_ENABLE_MODULES = YES;
				CLANG_ENABLE_OBJC_ARC = YES;
				CLANG_WARN_BOOL_CONVERSION = YES;
				CLANG_WARN_CONSTANT_CONVERSION = YES;
				CLANG_WARN_DIRECT_OBJC_ISA_USAGE = YES_ERROR;
				CLANG_WARN_EMPTY_BODY = YES;
				CLANG_WARN_ENUM_CONVERSION = YES;
				CLANG_WARN_INT_CONVERSION = YES;
				CLANG_WARN_OBJC_ROOT_CLASS = YES_ERROR;
				CLANG_WARN_UNREACHABLE_CODE = YES;
				CLANG_WARN__DUPLICATE_METHOD_MATCH = YES;
				"CODE_SIGN_IDENTITY[sdk=iphoneos*]" = "iPhone Developer";
				COPY_PHASE_STRIP = NO;
				DEBUG_INFORMATION_FORMAT = dwarf;
				ENABLE_STRICT_OBJC_MSGSEND = YES;
				ENABLE_TESTABILITY = YES;
				GCC_C_LANGUAGE_STANDARD = gnu99;
				GCC_DYNAMIC_NO_PIC = NO;
				GCC_NO_COMMON_BLOCKS = YES;
				GCC_OPTIMIZATION_LEVEL = 0;
				GCC_PREPROCESSOR_DEFINITIONS = (
					"DEBUG=1",
					"$(inherited)",
				);
				GCC_WARN_64_TO_32_BIT_CONVERSION = YES;
				GCC_WARN_ABOUT_RETURN_TYPE = YES_ERROR;
				GCC_WARN_UNDECLARED_SELECTOR = YES;
				GCC_WARN_UNINITIALIZED_AUTOS = YES_AGGRESSIVE;
				GCC_WARN_UNUSED_FUNCTION = YES;
				GCC_WARN_UNUSED_VARIABLE = YES;
				IPHONEOS_DEPLOYMENT_TARGET = 9.2;
				MTL_ENABLE_DEBUG_INFO = YES;
				ONLY_ACTIVE_ARCH = YES;
				SDKROOT = iphoneos;
				TARGETED_DEVICE_FAMILY = "1,2";
			};
			name = Debug;
		};
		8186472F1C43D4F9008F790B /* Release */ = {
			isa = XCBuildConfiguration;
			buildSettings = {
				ALWAYS_SEARCH_USER_PATHS = NO;
				CLANG_CXX_LANGUAGE_STANDARD = "gnu++0x";
				CLANG_CXX_LIBRARY = "libc++";
				CLANG_ENABLE_MODULES = YES;
				CLANG_ENABLE_OBJC_ARC = YES;
				CLANG_WARN_BOOL_CONVERSION = YES;
				CLANG_WARN_CONSTANT_CONVERSION = YES;
				CLANG_WARN_DIRECT_OBJC_ISA_USAGE = YES_ERROR;
				CLANG_WARN_EMPTY_BODY = YES;
				CLANG_WARN_ENUM_CONVERSION = YES;
				CLANG_WARN_INT_CONVERSION = YES;
				CLANG_WARN_OBJC_ROOT_CLASS = YES_ERROR;
				CLANG_WARN_UNREACHABLE_CODE = YES;
				CLANG_WARN__DUPLICATE_METHOD_MATCH = YES;
				"CODE_SIGN_IDENTITY[sdk=iphoneos*]" = "iPhone Developer";
				COPY_PHASE_STRIP = NO;
				DEBUG_INFORMATION_FORMAT = "dwarf-with-dsym";
				ENABLE_NS_ASSERTIONS = NO;
				ENABLE_STRICT_OBJC_MSGSEND = YES;
				GCC_C_LANGUAGE_STANDARD = gnu99;
				GCC_NO_COMMON_BLOCKS = YES;
				GCC_WARN_64_TO_32_BIT_CONVERSION = YES;
				GCC_WARN_ABOUT_RETURN_TYPE = YES_ERROR;
				GCC_WARN_UNDECLARED_SELECTOR = YES;
				GCC_WARN_UNINITIALIZED_AUTOS = YES_AGGRESSIVE;
				GCC_WARN_UNUSED_FUNCTION = YES;
				GCC_WARN_UNUSED_VARIABLE = YES;
				IPHONEOS_DEPLOYMENT_TARGET = 9.2;
				MTL_ENABLE_DEBUG_INFO = NO;
				SDKROOT = iphoneos;
				TARGETED_DEVICE_FAMILY = "1,2";
				VALIDATE_PRODUCT = YES;
			};
			name = Release;
		};
		818647311C43D4F9008F790B /* Debug */ = {
			isa = XCBuildConfiguration;
			buildSettings = {
				ASSETCATALOG_COMPILER_APPICON_NAME = AppIcon;
				CLANG_ENABLE_MODULES = YES;
				INFOPLIST_FILE = AlphaBet/Info.plist;
				IPHONEOS_DEPLOYMENT_TARGET = 8.4;
				LD_RUNPATH_SEARCH_PATHS = "$(inherited) @executable_path/Frameworks";
				PRODUCT_BUNDLE_IDENTIFIER = ASO.AlphaBet;
				PRODUCT_NAME = "$(TARGET_NAME)";
				SWIFT_OBJC_BRIDGING_HEADER = "AlphaBet-Bridging-Header.h";
				SWIFT_OPTIMIZATION_LEVEL = "-Onone";
				TARGETED_DEVICE_FAMILY = 2;
			};
			name = Debug;
		};
		818647321C43D4F9008F790B /* Release */ = {
			isa = XCBuildConfiguration;
			buildSettings = {
				ASSETCATALOG_COMPILER_APPICON_NAME = AppIcon;
				CLANG_ENABLE_MODULES = YES;
				INFOPLIST_FILE = AlphaBet/Info.plist;
				IPHONEOS_DEPLOYMENT_TARGET = 8.4;
				LD_RUNPATH_SEARCH_PATHS = "$(inherited) @executable_path/Frameworks";
				PRODUCT_BUNDLE_IDENTIFIER = ASO.AlphaBet;
				PRODUCT_NAME = "$(TARGET_NAME)";
				SWIFT_OBJC_BRIDGING_HEADER = "AlphaBet-Bridging-Header.h";
				TARGETED_DEVICE_FAMILY = 2;
			};
			name = Release;
		};
/* End XCBuildConfiguration section */

/* Begin XCConfigurationList section */
		818647111C43D4F9008F790B /* Build configuration list for PBXProject "AlphaBet" */ = {
			isa = XCConfigurationList;
			buildConfigurations = (
				8186472E1C43D4F9008F790B /* Debug */,
				8186472F1C43D4F9008F790B /* Release */,
			);
			defaultConfigurationIsVisible = 0;
			defaultConfigurationName = Release;
		};
		818647301C43D4F9008F790B /* Build configuration list for PBXNativeTarget "AlphaBet" */ = {
			isa = XCConfigurationList;
			buildConfigurations = (
				818647311C43D4F9008F790B /* Debug */,
				818647321C43D4F9008F790B /* Release */,
			);
			defaultConfigurationIsVisible = 0;
			defaultConfigurationName = Release;
		};
/* End XCConfigurationList section */

/* Begin XCVersionGroup section */
		818647251C43D4F9008F790B /* AlphaBet.xcdatamodeld */ = {
			isa = XCVersionGroup;
			children = (
				818647261C43D4F9008F790B /* AlphaBet.xcdatamodel */,
			);
			currentVersion = 818647261C43D4F9008F790B /* AlphaBet.xcdatamodel */;
			path = AlphaBet.xcdatamodeld;
			sourceTree = "<group>";
			versionGroupType = wrapper.xcdatamodel;
		};
/* End XCVersionGroup section */
	};
	rootObject = 8186470E1C43D4F9008F790B /* Project object */;
}
