// !$*UTF8*$!
{
	archiveVersion = 1;
	classes = {
	};
	objectVersion = 46;
	objects = {

/* Begin PBXBuildFile section */
		8186471B1C43D4F9008F790B /* main.m in Sources */ = {isa = PBXBuildFile; fileRef = 8186471A1C43D4F9008F790B /* main.m */; };
		8186471E1C43D4F9008F790B /* AppDelegate.m in Sources */ = {isa = PBXBuildFile; fileRef = 8186471D1C43D4F9008F790B /* AppDelegate.m */; };
		818647211C43D4F9008F790B /* ViewController.m in Sources */ = {isa = PBXBuildFile; fileRef = 818647201C43D4F9008F790B /* ViewController.m */; };
		818647271C43D4F9008F790B /* AlphaBet.xcdatamodeld in Sources */ = {isa = PBXBuildFile; fileRef = 818647251C43D4F9008F790B /* AlphaBet.xcdatamodeld */; };
		818647291C43D4F9008F790B /* Assets.xcassets in Resources */ = {isa = PBXBuildFile; fileRef = 818647281C43D4F9008F790B /* Assets.xcassets */; };
		8186472C1C43D4F9008F790B /* LaunchScreen.storyboard in Resources */ = {isa = PBXBuildFile; fileRef = 8186472A1C43D4F9008F790B /* LaunchScreen.storyboard */; };
/* End PBXBuildFile section */

/* Begin PBXFileReference section */
		818647161C43D4F9008F790B /* AlphaBet.app */ = {isa = PBXFileReference; explicitFileType = wrapper.application; includeInIndex = 0; path = AlphaBet.app; sourceTree = BUILT_PRODUCTS_DIR; };
		8186471A1C43D4F9008F790B /* main.m */ = {isa = PBXFileReference; lastKnownFileType = sourcecode.c.objc; path = main.m; sourceTree = "<group>"; };
		8186471C1C43D4F9008F790B /* AppDelegate.h */ = {isa = PBXFileReference; lastKnownFileType = sourcecode.c.h; path = AppDelegate.h; sourceTree = "<group>"; };
		8186471D1C43D4F9008F790B /* AppDelegate.m */ = {isa = PBXFileReference; lastKnownFileType = sourcecode.c.objc; path = AppDelegate.m; sourceTree = "<group>"; };
		8186471F1C43D4F9008F790B /* ViewController.h */ = {isa = PBXFileReference; lastKnownFileType = sourcecode.c.h; path = ViewController.h; sourceTree = "<group>"; };
		818647201C43D4F9008F790B /* ViewController.m */ = {isa = PBXFileReference; lastKnownFileType = sourcecode.c.objc; path = ViewController.m; sourceTree = "<group>"; };
		818647261C43D4F9008F790B /* AlphaBet.xcdatamodel */ = {isa = PBXFileReference; lastKnownFileType = wrapper.xcdatamodel; path = AlphaBet.xcdatamodel; sourceTree = "<group>"; };
		818647281C43D4F9008F790B /* Assets.xcassets */ = {isa = PBXFileReference; lastKnownFileType = folder.assetcatalog; path = Assets.xcassets; sourceTree = "<group>"; };
		8186472B1C43D4F9008F790B /* Base */ = {isa = PBXFileReference; lastKnownFileType = file.storyboard; name = Base; path = Base.lproj/LaunchScreen.storyboard; sourceTree = "<group>"; };
		8186472D1C43D4F9008F790B /* Info.plist */ = {isa = PBXFileReference; lastKnownFileType = text.plist.xml; path = Info.plist; sourceTree = "<group>"; };
/* End PBXFileReference section */

/* Begin PBXFrameworksBuildPhase section */
		818647131C43D4F9008F790B /* Frameworks */ = {
			isa = PBXFrameworksBuildPhase;
			buildActionMask = 2147483647;
			files = (
			);
			runOnlyForDeploymentPostprocessing = 0;
		};
/* End PBXFrameworksBuildPhase section */

/* Begin PBXGroup section */
		8186470D1C43D4F9008F790B = {
			isa = PBXGroup;
			children = (
				818647181C43D4F9008F790B /* AlphaBet */,
				818647171C43D4F9008F790B /* Products */,
			);
			sourceTree = "<group>";
		};
		818647171C43D4F9008F790B /* Products */ = {
			isa = PBXGroup;
			children = (
				818647161C43D4F9008F790B /* AlphaBet.app */,
			);
			name = Products;
			sourceTree = "<group>";
		};
		818647181C43D4F9008F790B /* AlphaBet */ = {
			isa = PBXGroup;
			children = (
				8186471C1C43D4F9008F790B /* AppDelegate.h */,
				8186471D1C43D4F9008F790B /* AppDelegate.m */,
				8186471F1C43D4F9008F790B /* ViewController.h */,
				818647201C43D4F9008F790B /* ViewController.m */,
				818647191C43D4F9008F790B /* Supporting Files */,
			);
			path = AlphaBet;
			sourceTree = "<group>";
		};
		818647191C43D4F9008F790B /* Supporting Files */ = {
			isa = PBXGroup;
			children = (
				818647281C43D4F9008F790B /* Assets.xcassets */,
				818647251C43D4F9008F790B /* AlphaBet.xcdatamodeld */,
				8186472A1C43D4F9008F790B /* LaunchScreen.storyboard */,
				8186472D1C43D4F9008F790B /* Info.plist */,
				8186471A1C43D4F9008F790B /* main.m */,
			);
			name = "Supporting Files";
			sourceTree = "<group>";
		};
/* End PBXGroup section */

/* Begin PBXNativeTarget section */
		818647151C43D4F9008F790B /* AlphaBet */ = {
			isa = PBXNativeTarget;
			buildConfigurationList = 818647301C43D4F9008F790B /* Build configuration list for PBXNativeTarget "AlphaBet" */;
			buildPhases = (
				818647121C43D4F9008F790B /* Sources */,
				818647131C43D4F9008F790B /* Frameworks */,
				818647141C43D4F9008F790B /* Resources */,
			);
			buildRules = (
			);
			dependencies = (
			);
			name = AlphaBet;
			productName = AlphaBet;
			productReference = 818647161C43D4F9008F790B /* AlphaBet.app */;
			productType = "com.apple.product-type.application";
		};
/* End PBXNativeTarget section */

/* Begin PBXProject section */
		8186470E1C43D4F9008F790B /* Project object */ = {
			isa = PBXProject;
			attributes = {
				LastUpgradeCheck = 0720;
				ORGANIZATIONNAME = LucChelsea;
				TargetAttributes = {
					818647151C43D4F9008F790B = {
						CreatedOnToolsVersion = 7.2;
					};
				};
			};
			buildConfigurationList = 818647111C43D4F9008F790B /* Build configuration list for PBXProject "AlphaBet" */;
			compatibilityVersion = "Xcode 3.2";
			developmentRegion = English;
			hasScannedForEncodings = 0;
			knownRegions = (
				en,
				Base,
			);
			mainGroup = 8186470D1C43D4F9008F790B;
			productRefGroup = 818647171C43D4F9008F790B /* Products */;
			projectDirPath = "";
			projectRoot = "";
			targets = (
				818647151C43D4F9008F790B /* AlphaBet */,
			);
		};
/* End PBXProject section */

/* Begin PBXResourcesBuildPhase section */
		818647141C43D4F9008F790B /* Resources */ = {
			isa = PBXResourcesBuildPhase;
			buildActionMask = 2147483647;
			files = (
				8186472C1C43D4F9008F790B /* LaunchScreen.storyboard in Resources */,
				818647291C43D4F9008F790B /* Assets.xcassets in Resources */,
			);
			runOnlyForDeploymentPostprocessing = 0;
		};
/* End PBXResourcesBuildPhase section */

/* Begin PBXSourcesBuildPhase section */
		818647121C43D4F9008F790B /* Sources */ = {
			isa = PBXSourcesBuildPhase;
			buildActionMask = 2147483647;
			files = (
				818647211C43D4F9008F790B /* ViewController.m in Sources */,
				8186471E1C43D4F9008F790B /* AppDelegate.m in Sources */,
				818647271C43D4F9008F790B /* AlphaBet.xcdatamodeld in Sources */,
				8186471B1C43D4F9008F790B /* main.m in Sources */,
			);
			runOnlyForDeploymentPostprocessing = 0;
		};
/* End PBXSourcesBuildPhase section */

/* Begin PBXVariantGroup section */
		8186472A1C43D4F9008F790B /* LaunchScreen.storyboard */ = {
			isa = PBXVariantGroup;
			children = (
				8186472B1C43D4F9008F790B /* Base */,
			);
			name = LaunchScreen.storyboard;
			sourceTree = "<group>";
		};
/* End PBXVariantGroup section */

/* Begin XCBuildConfiguration section */
		8186472E1C43D4F9008F790B /* Debug */ = {
			isa = XCBuildConfiguration;
			buildSettings = {
				ALWAYS_SEARCH_USER_PATHS = NO;
				CLANG_CXX_LANGUAGE_STANDARD = "gnu++0x";
				CLANG_CXX_LIBRARY = "libc++";
				CLANG_ENABLE_MODULES = YES;
				CLANG_ENABLE_OBJC_ARC = YES;
				CLANG_WARN_BOOL_CONVERSION = YES;
				CLANG_WARN_CONSTANT_CONVERSION = YES;
				CLANG_WARN_DIRECT_OBJC_ISA_USAGE = YES_ERROR;
				CLANG_WARN_EMPTY_BODY = YES;
				CLANG_WARN_ENUM_CONVERSION = YES;
				CLANG_WARN_INT_CONVERSION = YES;
				CLANG_WARN_OBJC_ROOT_CLASS = YES_ERROR;
				CLANG_WARN_UNREACHABLE_CODE = YES;
				CLANG_WARN__DUPLICATE_METHOD_MATCH = YES;
				"CODE_SIGN_IDENTITY[sdk=iphoneos*]" = "iPhone Developer";
				COPY_PHASE_STRIP = NO;
				DEBUG_INFORMATION_FORMAT = dwarf;
				ENABLE_STRICT_OBJC_MSGSEND = YES;
				ENABLE_TESTABILITY = YES;
				GCC_C_LANGUAGE_STANDARD = gnu99;
				GCC_DYNAMIC_NO_PIC = NO;
				GCC_NO_COMMON_BLOCKS = YES;
				GCC_OPTIMIZATION_LEVEL = 0;
				GCC_PREPROCESSOR_DEFINITIONS = (
					"DEBUG=1",
					"$(inherited)",
				);
				GCC_WARN_64_TO_32_BIT_CONVERSION = YES;
				GCC_WARN_ABOUT_RETURN_TYPE = YES_ERROR;
				GCC_WARN_UNDECLARED_SELECTOR = YES;
				GCC_WARN_UNINITIALIZED_AUTOS = YES_AGGRESSIVE;
				GCC_WARN_UNUSED_FUNCTION = YES;
				GCC_WARN_UNUSED_VARIABLE = YES;
				IPHONEOS_DEPLOYMENT_TARGET = 9.2;
				MTL_ENABLE_DEBUG_INFO = YES;
				ONLY_ACTIVE_ARCH = YES;
				SDKROOT = iphoneos;
				TARGETED_DEVICE_FAMILY = "1,2";
			};
			name = Debug;
		};
		8186472F1C43D4F9008F790B /* Release */ = {
			isa = XCBuildConfiguration;
			buildSettings = {
				ALWAYS_SEARCH_USER_PATHS = NO;
				CLANG_CXX_LANGUAGE_STANDARD = "gnu++0x";
				CLANG_CXX_LIBRARY = "libc++";
				CLANG_ENABLE_MODULES = YES;
				CLANG_ENABLE_OBJC_ARC = YES;
				CLANG_WARN_BOOL_CONVERSION = YES;
				CLANG_WARN_CONSTANT_CONVERSION = YES;
				CLANG_WARN_DIRECT_OBJC_ISA_USAGE = YES_ERROR;
				CLANG_WARN_EMPTY_BODY = YES;
				CLANG_WARN_ENUM_CONVERSION = YES;
				CLANG_WARN_INT_CONVERSION = YES;
				CLANG_WARN_OBJC_ROOT_CLASS = YES_ERROR;
				CLANG_WARN_UNREACHABLE_CODE = YES;
				CLANG_WARN__DUPLICATE_METHOD_MATCH = YES;
				"CODE_SIGN_IDENTITY[sdk=iphoneos*]" = "iPhone Developer";
				COPY_PHASE_STRIP = NO;
				DEBUG_INFORMATION_FORMAT = "dwarf-with-dsym";
				ENABLE_NS_ASSERTIONS = NO;
				ENABLE_STRICT_OBJC_MSGSEND = YES;
				GCC_C_LANGUAGE_STANDARD = gnu99;
				GCC_NO_COMMON_BLOCKS = YES;
				GCC_WARN_64_TO_32_BIT_CONVERSION = YES;
				GCC_WARN_ABOUT_RETURN_TYPE = YES_ERROR;
				GCC_WARN_UNDECLARED_SELECTOR = YES;
				GCC_WARN_UNINITIALIZED_AUTOS = YES_AGGRESSIVE;
				GCC_WARN_UNUSED_FUNCTION = YES;
				GCC_WARN_UNUSED_VARIABLE = YES;
				IPHONEOS_DEPLOYMENT_TARGET = 9.2;
				MTL_ENABLE_DEBUG_INFO = NO;
				SDKROOT = iphoneos;
				TARGETED_DEVICE_FAMILY = "1,2";
				VALIDATE_PRODUCT = YES;
			};
			name = Release;
		};
		818647311C43D4F9008F790B /* Debug */ = {
			isa = XCBuildConfiguration;
			buildSettings = {
				ASSETCATALOG_COMPILER_APPICON_NAME = AppIcon;
				INFOPLIST_FILE = AlphaBet/Info.plist;
				LD_RUNPATH_SEARCH_PATHS = "$(inherited) @executable_path/Frameworks";
				PRODUCT_BUNDLE_IDENTIFIER = ASO.AlphaBet;
				PRODUCT_NAME = "$(TARGET_NAME)";
			};
			name = Debug;
		};
		818647321C43D4F9008F790B /* Release */ = {
			isa = XCBuildConfiguration;
			buildSettings = {
				ASSETCATALOG_COMPILER_APPICON_NAME = AppIcon;
				INFOPLIST_FILE = AlphaBet/Info.plist;
				LD_RUNPATH_SEARCH_PATHS = "$(inherited) @executable_path/Frameworks";
				PRODUCT_BUNDLE_IDENTIFIER = ASO.AlphaBet;
				PRODUCT_NAME = "$(TARGET_NAME)";
			};
			name = Release;
		};
/* End XCBuildConfiguration section */

/* Begin XCConfigurationList section */
		818647111C43D4F9008F790B /* Build configuration list for PBXProject "AlphaBet" */ = {
			isa = XCConfigurationList;
			buildConfigurations = (
				8186472E1C43D4F9008F790B /* Debug */,
				8186472F1C43D4F9008F790B /* Release */,
			);
			defaultConfigurationIsVisible = 0;
			defaultConfigurationName = Release;
		};
		818647301C43D4F9008F790B /* Build configuration list for PBXNativeTarget "AlphaBet" */ = {
			isa = XCConfigurationList;
			buildConfigurations = (
				818647311C43D4F9008F790B /* Debug */,
				818647321C43D4F9008F790B /* Release */,
			);
			defaultConfigurationIsVisible = 0;
		};
/* End XCConfigurationList section */

/* Begin XCVersionGroup section */
		818647251C43D4F9008F790B /* AlphaBet.xcdatamodeld */ = {
			isa = XCVersionGroup;
			children = (
				818647261C43D4F9008F790B /* AlphaBet.xcdatamodel */,
			);
			currentVersion = 818647261C43D4F9008F790B /* AlphaBet.xcdatamodel */;
			path = AlphaBet.xcdatamodeld;
			sourceTree = "<group>";
			versionGroupType = wrapper.xcdatamodel;
		};
/* End XCVersionGroup section */
	};
	rootObject = 8186470E1C43D4F9008F790B /* Project object */;
}
